<?xml version="1.0" encoding="utf-8"?>
<Project ToolsVersion="4.0" xmlns="http://schemas.microsoft.com/developer/msbuild/2003">
  <ItemGroup>
    <Filter Include="Source Files">
      <UniqueIdentifier>{4FC737F1-C7A5-4376-A066-2A32D752A2FF}</UniqueIdentifier>
      <Extensions>cpp;c;cc;cxx;def;odl;idl;hpj;bat;asm;asmx</Extensions>
    </Filter>
    <Filter Include="Header Files">
      <UniqueIdentifier>{93995380-89BD-4b04-88EB-625FBE52EBFB}</UniqueIdentifier>
      <Extensions>h;hpp;hxx;hm;inl;inc;xsd</Extensions>
    </Filter>
    <Filter Include="Resource Files">
      <UniqueIdentifier>{67DA6AB6-F800-4c08-8B7A-83BB121AAD01}</UniqueIdentifier>
      <Extensions>rc;ico;cur;bmp;dlg;rc2;rct;bin;rgs;gif;jpg;jpeg;jpe;resx;tiff;tif;png;wav;mfcribbon-ms</Extensions>
    </Filter>
    <Filter Include="define">
      <UniqueIdentifier>{d77788c9-4ca2-4242-9481-e3b67a04c317}</UniqueIdentifier>
    </Filter>
  </ItemGroup>
  <ItemGroup>
    <ClInclude Include="targetver.h">
      <Filter>Header Files</Filter>
    </ClInclude>
    <ClInclude Include="LDAPMessage.h">
      <Filter>Header Files</Filter>
    </ClInclude>
    <ClInclude Include="LDAPParserASN1.h">
      <Filter>Header Files</Filter>
    </ClInclude>
    <ClInclude Include="TagDefClass.h">
      <Filter>Header Files</Filter>
    </ClInclude>
    <ClInclude Include="LDAPMsgCallback.h">
      <Filter>Header Files</Filter>
    </ClInclude>
    <ClInclude Include="type_define.h">
      <Filter>define</Filter>
    </ClInclude>
    <ClInclude Include="ldap_define.h">
      <Filter>define</Filter>
    </ClInclude>
    <ClInclude Include="stdafx.h">
      <Filter>define</Filter>
    </ClInclude>
    <ClInclude Include="LDAPv3ASN1.h">
      <Filter>define</Filter>
    </ClInclude>
  </ItemGroup>
  <ItemGroup>
    <ClCompile Include="LDAPMessage.cpp">
      <Filter>Source Files</Filter>
    </ClCompile>
    <ClCompile Include="LDAPParserASN1.cpp">
      <Filter>Source Files</Filter>
    </ClCompile>
    <ClCompile Include="TagDefClass.cpp">
      <Filter>Source Files</Filter>
    </ClCompile>
    <ClCompile Include="stdafx.cpp">
      <Filter>define</Filter>
    </ClCompile>
    <ClCompile Include="LDAPMsgCallback.cpp">
      <Filter>Source Files</Filter>
    </ClCompile>
  </ItemGroup>
</Project>